{
    "name": "@oat-sa/browserslist-config-tao",
    "version": "1.0.0",
    "lockfileVersion": 1,
    "requires": true,
    "dependencies": {
        "browserslist": {
            "version": "4.20.2",
            "resolved": "https://registry.npmjs.org/browserslist/-/browserslist-4.20.2.tgz",
            "integrity": "sha512-CQOBCqp/9pDvDbx3xfMi+86pr4KXIf2FDkTTdeuYw8OxS9t898LA1Khq57gtufFILXpfgsSx5woNgsBgvGjpsA==",
            "dev": true,
            "requires": {
                "caniuse-lite": "^1.0.30001317",
                "electron-to-chromium": "^1.4.84",
                "escalade": "^3.1.1",
                "node-releases": "^2.0.2",
                "picocolors": "^1.0.0"
            }
        },
        "caniuse-lite": {
            "version": "1.0.30001325",
            "resolved": "https://registry.npmjs.org/caniuse-lite/-/caniuse-lite-1.0.30001325.tgz",
            "integrity": "sha512-sB1bZHjseSjDtijV1Hb7PB2Zd58Kyx+n/9EotvZ4Qcz2K3d0lWB8dB4nb8wN/TsOGFq3UuAm0zQZNQ4SoR7TrQ==",
            "dev": true
        },
        "electron-to-chromium": {
            "version": "1.4.106",
            "resolved": "https://registry.npmjs.org/electron-to-chromium/-/electron-to-chromium-1.4.106.tgz",
            "integrity": "sha512-ZYfpVLULm67K7CaaGP7DmjyeMY4naxsbTy+syVVxT6QHI1Ww8XbJjmr9fDckrhq44WzCrcC5kH3zGpdusxwwqg==",
            "dev": true
        },
        "escalade": {
            "version": "3.1.1",
            "resolved": "https://registry.npmjs.org/escalade/-/escalade-3.1.1.tgz",
            "integrity": "sha512-k0er2gUkLf8O0zKJiAhmkTnJlTvINGv7ygDNPbeIsX/TJjGJZHuh9B2UxbsaEkmlEo9MfhrSzmhIlhRlI2GXnw==",
            "dev": true
        },
        "node-releases": {
            "version": "2.0.2",
            "resolved": "https://registry.npmjs.org/node-releases/-/node-releases-2.0.2.tgz",
            "integrity": "sha512-XxYDdcQ6eKqp/YjI+tb2C5WM2LgjnZrfYg4vgQt49EK268b6gYCHsBLrK2qvJo4FmCtqmKezb0WZFK4fkrZNsg==",
            "dev": true
        },
        "picocolors": {
            "version": "1.0.0",
            "resolved": "https://registry.npmjs.org/picocolors/-/picocolors-1.0.0.tgz",
            "integrity": "sha512-1fygroTLlHu66zi26VoTDv8yRgm0Fccecssto+MhsZ0D/DGW2sm8E8AjW7NU5VVTRt5GxbeZ5qBuJr+HyLYkjQ==",
            "dev": true
        }
    }
}
